// !$*UTF8*$!
{
	archiveVersion = 1;
	classes = {
	};
	objectVersion = 46;
	objects = {

/* Begin PBXBuildFile section */
		63143551175AC3C000445CB0 /* The Normal Distrubtion Elicitation Activity.pdf in Resources */ = {isa = PBXBuildFile; fileRef = 63143550175AC3C000445CB0 /* The Normal Distrubtion Elicitation Activity.pdf */; };
		63143553175AC3D400445CB0 /* Statistics Video Playlist Questions.pdf in Resources */ = {isa = PBXBuildFile; fileRef = 63143552175AC3D400445CB0 /* Statistics Video Playlist Questions.pdf */; };
		63143555175AC3F200445CB0 /* A look at z scores.pdf in Resources */ = {isa = PBXBuildFile; fileRef = 63143554175AC3F200445CB0 /* A look at z scores.pdf */; };
		63143557175AC3FD00445CB0 /* The stats of commuting.pdf in Resources */ = {isa = PBXBuildFile; fileRef = 63143556175AC3FD00445CB0 /* The stats of commuting.pdf */; };
		63143559175AC40400445CB0 /* Central Limit Theorem.pdf in Resources */ = {isa = PBXBuildFile; fileRef = 63143558175AC40400445CB0 /* Central Limit Theorem.pdf */; };
		6314355B175AC41B00445CB0 /* Confidence Interval.pdf in Resources */ = {isa = PBXBuildFile; fileRef = 6314355A175AC41B00445CB0 /* Confidence Interval.pdf */; };
		6314355D175AC44A00445CB0 /* Custom Differentiation Quiz.pdf in Resources */ = {isa = PBXBuildFile; fileRef = 6314355C175AC44A00445CB0 /* Custom Differentiation Quiz.pdf */; };
		6314355F175AC45000445CB0 /* Calculus Island - A Stage 2 Mathematical Studies Adventure.pdf in Resources */ = {isa = PBXBuildFile; fileRef = 6314355E175AC45000445CB0 /* Calculus Island - A Stage 2 Mathematical Studies Adventure.pdf */; };
		63143561175AC45600445CB0 /* Pi Day - e lnx Elicitation.pdf in Resources */ = {isa = PBXBuildFile; fileRef = 63143560175AC45600445CB0 /* Pi Day - e lnx Elicitation.pdf */; };
		63143563175AC45C00445CB0 /* Sue and Sally's Fish and Chips.pdf in Resources */ = {isa = PBXBuildFile; fileRef = 63143562175AC45C00445CB0 /* Sue and Sally's Fish and Chips.pdf */; };
		636A0935175AD3AB002D923F /* fce.png in Resources */ = {isa = PBXBuildFile; fileRef = 636A0934175AD3AB002D923F /* fce.png */; };
		636A0937175AD8BE002D923F /* energyform.png in Resources */ = {isa = PBXBuildFile; fileRef = 636A0936175AD8BE002D923F /* energyform.png */; };
		636A0939175AD8C3002D923F /* chemical.png in Resources */ = {isa = PBXBuildFile; fileRef = 636A0938175AD8C3002D923F /* chemical.png */; };
		636A093B175AD8C8002D923F /* geometry.png in Resources */ = {isa = PBXBuildFile; fileRef = 636A093A175AD8C8002D923F /* geometry.png */; };
		636A093D175AD8CD002D923F /* physics.png in Resources */ = {isa = PBXBuildFile; fileRef = 636A093C175AD8CD002D923F /* physics.png */; };
		636A093F175AD8D4002D923F /* process.png in Resources */ = {isa = PBXBuildFile; fileRef = 636A093E175AD8D4002D923F /* process.png */; };
		636A0941175AD8DB002D923F /* quadsaved.png in Resources */ = {isa = PBXBuildFile; fileRef = 636A0940175AD8DB002D923F /* quadsaved.png */; };
		636A0943175AD8E1002D923F /* triger.png in Resources */ = {isa = PBXBuildFile; fileRef = 636A0942175AD8E1002D923F /* triger.png */; };
		636A0945175AD8E8002D923F /* logexpo.png in Resources */ = {isa = PBXBuildFile; fileRef = 636A0944175AD8E8002D923F /* logexpo.png */; };
		636A0947175ADAE6002D923F /* triga.png in Resources */ = {isa = PBXBuildFile; fileRef = 636A0946175ADAE6002D923F /* triga.png */; };
		636A0949175ADB67002D923F /* slopederivative.png in Resources */ = {isa = PBXBuildFile; fileRef = 636A0948175ADB67002D923F /* slopederivative.png */; };
		636A094F175ADC3F002D923F /* productrule.png in Resources */ = {isa = PBXBuildFile; fileRef = 636A094A175ADC3F002D923F /* productrule.png */; };
		636A0950175ADC3F002D923F /* mymaths.png in Resources */ = {isa = PBXBuildFile; fileRef = 636A094B175ADC3F002D923F /* mymaths.png */; };
		636A0951175ADC3F002D923F /* sumrule.png in Resources */ = {isa = PBXBuildFile; fileRef = 636A094C175ADC3F002D923F /* sumrule.png */; };
		636A0952175ADC3F002D923F /* poweri.png in Resources */ = {isa = PBXBuildFile; fileRef = 636A094D175ADC3F002D923F /* poweri.png */; };
		636A0953175ADC3F002D923F /* powerule.png in Resources */ = {isa = PBXBuildFile; fileRef = 636A094E175ADC3F002D923F /* powerule.png */; };
		636A0956175ADC4A002D923F /* lnxlog.png in Resources */ = {isa = PBXBuildFile; fileRef = 636A0954175ADC4A002D923F /* lnxlog.png */; };
		636A0957175ADC4A002D923F /* euler.png in Resources */ = {isa = PBXBuildFile; fileRef = 636A0955175ADC4A002D923F /* euler.png */; };
		636A0959175ADC52002D923F /* trigfunctionsderiv.png in Resources */ = {isa = PBXBuildFile; fileRef = 636A0958175ADC52002D923F /* trigfunctionsderiv.png */; };
		636A095C175ADC60002D923F /* chain.png in Resources */ = {isa = PBXBuildFile; fileRef = 636A095A175ADC60002D923F /* chain.png */; };
		636A095D175ADC60002D923F /* trigfunctions.png in Resources */ = {isa = PBXBuildFile; fileRef = 636A095B175ADC60002D923F /* trigfunctions.png */; };
		636A0988175ADE39002D923F /* com.png in Resources */ = {isa = PBXBuildFile; fileRef = 636A095E175ADE38002D923F /* com.png */; };
		636A0989175ADE39002D923F /* yahg.png in Resources */ = {isa = PBXBuildFile; fileRef = 636A095F175ADE38002D923F /* yahg.png */; };
		636A098A175ADE39002D923F /* common.png in Resources */ = {isa = PBXBuildFile; fileRef = 636A0960175ADE38002D923F /* common.png */; };
		636A098B175ADE39002D923F /* arrow oh.png in Resources */ = {isa = PBXBuildFile; fileRef = 636A0961175ADE38002D923F /* arrow oh.png */; };
		636A098C175ADE39002D923F /* pHu.png in Resources */ = {isa = PBXBuildFile; fileRef = 636A0962175ADE38002D923F /* pHu.png */; };
		636A098D175ADE39002D923F /* OH.png in Resources */ = {isa = PBXBuildFile; fileRef = 636A0963175ADE38002D923F /* OH.png */; };
		636A098E175ADE39002D923F /* poh.png in Resources */ = {isa = PBXBuildFile; fileRef = 636A0964175ADE38002D923F /* poh.png */; };
		636A098F175ADE39002D923F /* ph.png in Resources */ = {isa = PBXBuildFile; fileRef = 636A0965175ADE38002D923F /* ph.png */; };
		636A0990175ADE39002D923F /* twop.png in Resources */ = {isa = PBXBuildFile; fileRef = 636A0966175ADE38002D923F /* twop.png */; };
		636A0991175ADE39002D923F /* neutralisation.png in Resources */ = {isa = PBXBuildFile; fileRef = 636A0967175ADE38002D923F /* neutralisation.png */; };
		636A0992175ADE39002D923F /* sat.png in Resources */ = {isa = PBXBuildFile; fileRef = 636A0968175ADE38002D923F /* sat.png */; };
		636A0993175ADE39002D923F /* double.png in Resources */ = {isa = PBXBuildFile; fileRef = 636A0969175ADE38002D923F /* double.png */; };
		636A0994175ADE39002D923F /* singke.png in Resources */ = {isa = PBXBuildFile; fileRef = 636A096A175ADE38002D923F /* singke.png */; };
		636A0995175ADE39002D923F /* decomp.png in Resources */ = {isa = PBXBuildFile; fileRef = 636A096B175ADE38002D923F /* decomp.png */; };
		636A0996175ADE39002D923F /* syn.png in Resources */ = {isa = PBXBuildFile; fileRef = 636A096C175ADE38002D923F /* syn.png */; };
		636A0997175ADE39002D923F /* photopic.png in Resources */ = {isa = PBXBuildFile; fileRef = 636A096D175ADE38002D923F /* photopic.png */; };
		636A0998175ADE39002D923F /* circuit.png in Resources */ = {isa = PBXBuildFile; fileRef = 636A096E175ADE39002D923F /* circuit.png */; };
		636A0999175ADE39002D923F /* light.png in Resources */ = {isa = PBXBuildFile; fileRef = 636A096F175ADE39002D923F /* light.png */; };
		636A099A175ADE39002D923F /* elec.png in Resources */ = {isa = PBXBuildFile; fileRef = 636A0970175ADE39002D923F /* elec.png */; };
		636A099B175ADE39002D923F /* spring.png in Resources */ = {isa = PBXBuildFile; fileRef = 636A0971175ADE39002D923F /* spring.png */; };
		636A099C175ADE39002D923F /* kex.png in Resources */ = {isa = PBXBuildFile; fileRef = 636A0972175ADE39002D923F /* kex.png */; };
		636A099D175ADE39002D923F /* kinetic.png in Resources */ = {isa = PBXBuildFile; fileRef = 636A0973175ADE39002D923F /* kinetic.png */; };
		636A099E175ADE39002D923F /* wprk.png in Resources */ = {isa = PBXBuildFile; fileRef = 636A0974175ADE39002D923F /* wprk.png */; };
		636A099F175ADE39002D923F /* kin.png in Resources */ = {isa = PBXBuildFile; fileRef = 636A0975175ADE39002D923F /* kin.png */; };
		636A09A0175ADE39002D923F /* energygrav.png in Resources */ = {isa = PBXBuildFile; fileRef = 636A0976175ADE39002D923F /* energygrav.png */; };
		636A09A1175ADE39002D923F /* energy.png in Resources */ = {isa = PBXBuildFile; fileRef = 636A0977175ADE39002D923F /* energy.png */; };
		636A09A2175ADE39002D923F /* concial.png in Resources */ = {isa = PBXBuildFile; fileRef = 636A0978175ADE39002D923F /* concial.png */; };
		636A09A3175ADE39002D923F /* c9.png in Resources */ = {isa = PBXBuildFile; fileRef = 636A0979175ADE39002D923F /* c9.png */; };
		636A09A4175ADE39002D923F /* coneclds.png in Resources */ = {isa = PBXBuildFile; fileRef = 636A097A175ADE39002D923F /* coneclds.png */; };
		636A09A5175ADE39002D923F /* frot.png in Resources */ = {isa = PBXBuildFile; fileRef = 636A097B175ADE39002D923F /* frot.png */; };
		636A09A6175ADE39002D923F /* balls.png in Resources */ = {isa = PBXBuildFile; fileRef = 636A097C175ADE39002D923F /* balls.png */; };
		636A09A7175ADE39002D923F /* nice.png in Resources */ = {isa = PBXBuildFile; fileRef = 636A097D175ADE39002D923F /* nice.png */; };
		636A09A8175ADE39002D923F /* closemeup.png in Resources */ = {isa = PBXBuildFile; fileRef = 636A097E175ADE39002D923F /* closemeup.png */; };
		636A09A9175ADE39002D923F /* tsacircle.png in Resources */ = {isa = PBXBuildFile; fileRef = 636A097F175ADE39002D923F /* tsacircle.png */; };
		636A09AA175ADE39002D923F /* volumeref.png in Resources */ = {isa = PBXBuildFile; fileRef = 636A0980175ADE39002D923F /* volumeref.png */; };
		636A09AB175ADE39002D923F /* volbox.png in Resources */ = {isa = PBXBuildFile; fileRef = 636A0981175ADE39002D923F /* volbox.png */; };
		636A09AC175ADE39002D923F /* volcube.png in Resources */ = {isa = PBXBuildFile; fileRef = 636A0982175ADE39002D923F /* volcube.png */; };
		636A09AD175ADE39002D923F /* cp.png in Resources */ = {isa = PBXBuildFile; fileRef = 636A0983175ADE39002D923F /* cp.png */; };
		636A09AE175ADE39002D923F /* carea.png in Resources */ = {isa = PBXBuildFile; fileRef = 636A0984175ADE39002D923F /* carea.png */; };
		636A09AF175ADE39002D923F /* btri.png in Resources */ = {isa = PBXBuildFile; fileRef = 636A0985175ADE39002D923F /* btri.png */; };
		636A09B0175ADE39002D923F /* areasquare.png in Resources */ = {isa = PBXBuildFile; fileRef = 636A0986175ADE39002D923F /* areasquare.png */; };
		636A09B1175ADE39002D923F /* areame.png in Resources */ = {isa = PBXBuildFile; fileRef = 636A0987175ADE39002D923F /* areame.png */; };
		636A09B3175AE08E002D923F /* Resized-SUZIB.png in Resources */ = {isa = PBXBuildFile; fileRef = 636A09B2175AE08E002D923F /* Resized-SUZIB.png */; };
		636A09B5175AE0A2002D923F /* Resized-C7B1P.png in Resources */ = {isa = PBXBuildFile; fileRef = 636A09B4175AE0A2002D923F /* Resized-C7B1P.png */; };
		636A7386175AC7E000D5F95A /* Physics Textbook 5.0.pdf in Resources */ = {isa = PBXBuildFile; fileRef = 636A7385175AC7E000D5F95A /* Physics Textbook 5.0.pdf */; };
		636A7388175AC84200D5F95A /* Formulae.mp4 in Resources */ = {isa = PBXBuildFile; fileRef = 636A7387175AC84200D5F95A /* Formulae.mp4 */; };
		636A738A175ACAE300D5F95A /* diffcalculus.png in Resources */ = {isa = PBXBuildFile; fileRef = 636A7389175ACAE300D5F95A /* diffcalculus.png */; };
		636A738C175ACC3400D5F95A /* 1diff.png in Resources */ = {isa = PBXBuildFile; fileRef = 636A738B175ACC3400D5F95A /* 1diff.png */; };
		636A738E175ACE1F00D5F95A /* diff12.png in Resources */ = {isa = PBXBuildFile; fileRef = 636A738D175ACE1F00D5F95A /* diff12.png */; };
		636A7390175ACF3A00D5F95A /* dfff.png in Resources */ = {isa = PBXBuildFile; fileRef = 636A738F175ACF3A00D5F95A /* dfff.png */; };
		636A7392175AD0A500D5F95A /* linealg.png in Resources */ = {isa = PBXBuildFile; fileRef = 636A7391175AD0A500D5F95A /* linealg.png */; };
		636D66DC1733ACD6007264E6 /* UIKit.framework in Frameworks */ = {isa = PBXBuildFile; fileRef = 636D66DB1733ACD6007264E6 /* UIKit.framework */; };
		636D66DE1733ACD6007264E6 /* Foundation.framework in Frameworks */ = {isa = PBXBuildFile; fileRef = 636D66DD1733ACD6007264E6 /* Foundation.framework */; };
		636D66E01733ACD6007264E6 /* CoreGraphics.framework in Frameworks */ = {isa = PBXBuildFile; fileRef = 636D66DF1733ACD6007264E6 /* CoreGraphics.framework */; };
		636D66E61733ACD6007264E6 /* InfoPlist.strings in Resources */ = {isa = PBXBuildFile; fileRef = 636D66E41733ACD6007264E6 /* InfoPlist.strings */; };
		636D66E81733ACD6007264E6 /* main.m in Sources */ = {isa = PBXBuildFile; fileRef = 636D66E71733ACD6007264E6 /* main.m */; };
		636D66EC1733ACD6007264E6 /* AppDelegate.m in Sources */ = {isa = PBXBuildFile; fileRef = 636D66EB1733ACD6007264E6 /* AppDelegate.m */; };
		636D66EE1733ACD6007264E6 /* Default.png in Resources */ = {isa = PBXBuildFile; fileRef = 636D66ED1733ACD6007264E6 /* Default.png */; };
		636D66F01733ACD6007264E6 /* Default@2x.png in Resources */ = {isa = PBXBuildFile; fileRef = 636D66EF1733ACD6007264E6 /* Default@2x.png */; };
		636D66F21733ACD6007264E6 /* Default-568h@2x.png in Resources */ = {isa = PBXBuildFile; fileRef = 636D66F11733ACD6007264E6 /* Default-568h@2x.png */; };
		636D66F51733ACD6007264E6 /* MainStoryboard.storyboard in Resources */ = {isa = PBXBuildFile; fileRef = 636D66F31733ACD6007264E6 /* MainStoryboard.storyboard */; };
		636D66F81733ACD6007264E6 /* ViewController.m in Sources */ = {isa = PBXBuildFile; fileRef = 636D66F71733ACD6007264E6 /* ViewController.m */; };
		63FB0C481733C43000F8EF03 /* Linear Graphing Quiz yr11.pdf in Resources */ = {isa = PBXBuildFile; fileRef = 63FB0C471733C43000F8EF03 /* Linear Graphing Quiz yr11.pdf */; };
		63FB0C4C1733C59D00F8EF03 /* Button Click On-SoundBible.com-459633989.mp3 in Resources */ = {isa = PBXBuildFile; fileRef = 63FB0C4A1733C59D00F8EF03 /* Button Click On-SoundBible.com-459633989.mp3 */; };
		63FB0C4D1733C59D00F8EF03 /* CustomAlertView.m in Sources */ = {isa = PBXBuildFile; fileRef = 63FB0C4B1733C59D00F8EF03 /* CustomAlertView.m */; };
		63FB0C511733C5B500F8EF03 /* beep1.mp3 in Resources */ = {isa = PBXBuildFile; fileRef = 63FB0C501733C5B500F8EF03 /* beep1.mp3 */; };
		63FB0C531733C5D200F8EF03 /* AudioToolbox.framework in Frameworks */ = {isa = PBXBuildFile; fileRef = 63FB0C521733C5D200F8EF03 /* AudioToolbox.framework */; };
		63FB0C551733C69400F8EF03 /* MediaPlayer.framework in Frameworks */ = {isa = PBXBuildFile; fileRef = 63FB0C541733C69400F8EF03 /* MediaPlayer.framework */; };
		63FB0C571733C71900F8EF03 /* AVFoundation.framework in Frameworks */ = {isa = PBXBuildFile; fileRef = 63FB0C561733C71800F8EF03 /* AVFoundation.framework */; };
		63FB0C591733C9DA00F8EF03 /* Quadratics and Polynomials.pdf in Resources */ = {isa = PBXBuildFile; fileRef = 63FB0C581733C9DA00F8EF03 /* Quadratics and Polynomials.pdf */; };
		63FB0C5B1733CAEE00F8EF03 /* Exponents and Logs Quiz.pdf in Resources */ = {isa = PBXBuildFile; fileRef = 63FB0C5A1733CAEE00F8EF03 /* Exponents and Logs Quiz.pdf */; };
		63FB0C5D1733CB8900F8EF03 /* Solving Exponential Equations using logarithms.pdf in Resources */ = {isa = PBXBuildFile; fileRef = 63FB0C5C1733CB8900F8EF03 /* Solving Exponential Equations using logarithms.pdf */; };
		63FB0C5F1733CC0300F8EF03 /* Quadratics Concepts .pdf in Resources */ = {isa = PBXBuildFile; fileRef = 63FB0C5E1733CC0300F8EF03 /* Quadratics Concepts .pdf */; };
		63FB0C611733CC5B00F8EF03 /* Linear Graphing Quiz yr10.pdf in Resources */ = {isa = PBXBuildFile; fileRef = 63FB0C601733CC5B00F8EF03 /* Linear Graphing Quiz yr10.pdf */; };
		63FB0C631733CC9E00F8EF03 /* Factorisation Worksheet.pdf in Resources */ = {isa = PBXBuildFile; fileRef = 63FB0C621733CC9E00F8EF03 /* Factorisation Worksheet.pdf */; };
		63FB0C651733CCD800F8EF03 /* Simplifying Logs.pdf in Resources */ = {isa = PBXBuildFile; fileRef = 63FB0C641733CCD800F8EF03 /* Simplifying Logs.pdf */; };
		63FB0C671733CD3300F8EF03 /* Compound Interest Practice.pdf in Resources */ = {isa = PBXBuildFile; fileRef = 63FB0C661733CD3300F8EF03 /* Compound Interest Practice.pdf */; };
		63FB0C691733CD8300F8EF03 /* Trigonometry Quiz.pdf in Resources */ = {isa = PBXBuildFile; fileRef = 63FB0C681733CD8300F8EF03 /* Trigonometry Quiz.pdf */; };
		63FB0C6B1733CDA900F8EF03 /* Mathematics Quiz – Statistics.pdf in Resources */ = {isa = PBXBuildFile; fileRef = 63FB0C6A1733CDA900F8EF03 /* Mathematics Quiz – Statistics.pdf */; };
		63FB0C6D1733CF2800F8EF03 /* stats.pdf in Resources */ = {isa = PBXBuildFile; fileRef = 63FB0C6C1733CF2800F8EF03 /* stats.pdf */; };
		63FB0C6F1733CF9400F8EF03 /* exp.pdf in Resources */ = {isa = PBXBuildFile; fileRef = 63FB0C6E1733CF9400F8EF03 /* exp.pdf */; };
		63FB0C711733D16C00F8EF03 /* Physics Textbook.pdf in Resources */ = {isa = PBXBuildFile; fileRef = 63FB0C701733D16C00F8EF03 /* Physics Textbook.pdf */; };
/* End PBXBuildFile section */

/* Begin PBXFileReference section */
		63143550175AC3C000445CB0 /* The Normal Distrubtion Elicitation Activity.pdf */ = {isa = PBXFileReference; lastKnownFileType = image.pdf; path = "The Normal Distrubtion Elicitation Activity.pdf"; sourceTree = "<group>"; };
		63143552175AC3D400445CB0 /* Statistics Video Playlist Questions.pdf */ = {isa = PBXFileReference; lastKnownFileType = image.pdf; path = "Statistics Video Playlist Questions.pdf"; sourceTree = "<group>"; };
		63143554175AC3F200445CB0 /* A look at z scores.pdf */ = {isa = PBXFileReference; lastKnownFileType = image.pdf; path = "A look at z scores.pdf"; sourceTree = "<group>"; };
		63143556175AC3FD00445CB0 /* The stats of commuting.pdf */ = {isa = PBXFileReference; lastKnownFileType = image.pdf; path = "The stats of commuting.pdf"; sourceTree = "<group>"; };
		63143558175AC40400445CB0 /* Central Limit Theorem.pdf */ = {isa = PBXFileReference; lastKnownFileType = image.pdf; path = "Central Limit Theorem.pdf"; sourceTree = "<group>"; };
		6314355A175AC41B00445CB0 /* Confidence Interval.pdf */ = {isa = PBXFileReference; lastKnownFileType = image.pdf; path = "Confidence Interval.pdf"; sourceTree = "<group>"; };
		6314355C175AC44A00445CB0 /* Custom Differentiation Quiz.pdf */ = {isa = PBXFileReference; lastKnownFileType = image.pdf; path = "Custom Differentiation Quiz.pdf"; sourceTree = "<group>"; };
		6314355E175AC45000445CB0 /* Calculus Island - A Stage 2 Mathematical Studies Adventure.pdf */ = {isa = PBXFileReference; lastKnownFileType = image.pdf; path = "Calculus Island - A Stage 2 Mathematical Studies Adventure.pdf"; sourceTree = "<group>"; };
		63143560175AC45600445CB0 /* Pi Day - e lnx Elicitation.pdf */ = {isa = PBXFileReference; lastKnownFileType = image.pdf; path = "Pi Day - e lnx Elicitation.pdf"; sourceTree = "<group>"; };
		63143562175AC45C00445CB0 /* Sue and Sally's Fish and Chips.pdf */ = {isa = PBXFileReference; lastKnownFileType = image.pdf; path = "Sue and Sally's Fish and Chips.pdf"; sourceTree = "<group>"; };
		636A0934175AD3AB002D923F /* fce.png */ = {isa = PBXFileReference; lastKnownFileType = image.png; path = fce.png; sourceTree = "<group>"; };
		636A0936175AD8BE002D923F /* energyform.png */ = {isa = PBXFileReference; lastKnownFileType = image.png; path = energyform.png; sourceTree = "<group>"; };
		636A0938175AD8C3002D923F /* chemical.png */ = {isa = PBXFileReference; lastKnownFileType = image.png; path = chemical.png; sourceTree = "<group>"; };
		636A093A175AD8C8002D923F /* geometry.png */ = {isa = PBXFileReference; lastKnownFileType = image.png; path = geometry.png; sourceTree = "<group>"; };
		636A093C175AD8CD002D923F /* physics.png */ = {isa = PBXFileReference; lastKnownFileType = image.png; path = physics.png; sourceTree = "<group>"; };
		636A093E175AD8D4002D923F /* process.png */ = {isa = PBXFileReference; lastKnownFileType = image.png; path = process.png; sourceTree = "<group>"; };
		636A0940175AD8DB002D923F /* quadsaved.png */ = {isa = PBXFileReference; lastKnownFileType = image.png; path = quadsaved.png; sourceTree = "<group>"; };
		636A0942175AD8E1002D923F /* triger.png */ = {isa = PBXFileReference; lastKnownFileType = image.png; path = triger.png; sourceTree = "<group>"; };
		636A0944175AD8E8002D923F /* logexpo.png */ = {isa = PBXFileReference; lastKnownFileType = image.png; path = logexpo.png; sourceTree = "<group>"; };
		636A0946175ADAE6002D923F /* triga.png */ = {isa = PBXFileReference; lastKnownFileType = image.png; path = triga.png; sourceTree = "<group>"; };
		636A0948175ADB67002D923F /* slopederivative.png */ = {isa = PBXFileReference; lastKnownFileType = image.png; path = slopederivative.png; sourceTree = "<group>"; };
		636A094A175ADC3F002D923F /* productrule.png */ = {isa = PBXFileReference; lastKnownFileType = image.png; path = productrule.png; sourceTree = "<group>"; };
		636A094B175ADC3F002D923F /* mymaths.png */ = {isa = PBXFileReference; lastKnownFileType = image.png; path = mymaths.png; sourceTree = "<group>"; };
		636A094C175ADC3F002D923F /* sumrule.png */ = {isa = PBXFileReference; lastKnownFileType = image.png; path = sumrule.png; sourceTree = "<group>"; };
		636A094D175ADC3F002D923F /* poweri.png */ = {isa = PBXFileReference; lastKnownFileType = image.png; path = poweri.png; sourceTree = "<group>"; };
		636A094E175ADC3F002D923F /* powerule.png */ = {isa = PBXFileReference; lastKnownFileType = image.png; path = powerule.png; sourceTree = "<group>"; };
		636A0954175ADC4A002D923F /* lnxlog.png */ = {isa = PBXFileReference; lastKnownFileType = image.png; path = lnxlog.png; sourceTree = "<group>"; };
		636A0955175ADC4A002D923F /* euler.png */ = {isa = PBXFileReference; lastKnownFileType = image.png; path = euler.png; sourceTree = "<group>"; };
		636A0958175ADC52002D923F /* trigfunctionsderiv.png */ = {isa = PBXFileReference; lastKnownFileType = image.png; path = trigfunctionsderiv.png; sourceTree = "<group>"; };
		636A095A175ADC60002D923F /* chain.png */ = {isa = PBXFileReference; lastKnownFileType = image.png; path = chain.png; sourceTree = "<group>"; };
		636A095B175ADC60002D923F /* trigfunctions.png */ = {isa = PBXFileReference; lastKnownFileType = image.png; path = trigfunctions.png; sourceTree = "<group>"; };
		636A095E175ADE38002D923F /* com.png */ = {isa = PBXFileReference; lastKnownFileType = image.png; path = com.png; sourceTree = "<group>"; };
		636A095F175ADE38002D923F /* yahg.png */ = {isa = PBXFileReference; lastKnownFileType = image.png; path = yahg.png; sourceTree = "<group>"; };
		636A0960175ADE38002D923F /* common.png */ = {isa = PBXFileReference; lastKnownFileType = image.png; path = common.png; sourceTree = "<group>"; };
		636A0961175ADE38002D923F /* arrow oh.png */ = {isa = PBXFileReference; lastKnownFileType = image.png; path = "arrow oh.png"; sourceTree = "<group>"; };
		636A0962175ADE38002D923F /* pHu.png */ = {isa = PBXFileReference; lastKnownFileType = image.png; path = pHu.png; sourceTree = "<group>"; };
		636A0963175ADE38002D923F /* OH.png */ = {isa = PBXFileReference; lastKnownFileType = image.png; path = OH.png; sourceTree = "<group>"; };
		636A0964175ADE38002D923F /* poh.png */ = {isa = PBXFileReference; lastKnownFileType = image.png; path = poh.png; sourceTree = "<group>"; };
		636A0965175ADE38002D923F /* ph.png */ = {isa = PBXFileReference; lastKnownFileType = image.png; path = ph.png; sourceTree = "<group>"; };
		636A0966175ADE38002D923F /* twop.png */ = {isa = PBXFileReference; lastKnownFileType = image.png; path = twop.png; sourceTree = "<group>"; };
		636A0967175ADE38002D923F /* neutralisation.png */ = {isa = PBXFileReference; lastKnownFileType = image.png; path = neutralisation.png; sourceTree = "<group>"; };
		636A0968175ADE38002D923F /* sat.png */ = {isa = PBXFileReference; lastKnownFileType = image.png; path = sat.png; sourceTree = "<group>"; };
		636A0969175ADE38002D923F /* double.png */ = {isa = PBXFileReference; lastKnownFileType = image.png; path = double.png; sourceTree = "<group>"; };
		636A096A175ADE38002D923F /* singke.png */ = {isa = PBXFileReference; lastKnownFileType = image.png; path = singke.png; sourceTree = "<group>"; };
		636A096B175ADE38002D923F /* decomp.png */ = {isa = PBXFileReference; lastKnownFileType = image.png; path = decomp.png; sourceTree = "<group>"; };
		636A096C175ADE38002D923F /* syn.png */ = {isa = PBXFileReference; lastKnownFileType = image.png; path = syn.png; sourceTree = "<group>"; };
		636A096D175ADE38002D923F /* photopic.png */ = {isa = PBXFileReference; lastKnownFileType = image.png; path = photopic.png; sourceTree = "<group>"; };
		636A096E175ADE39002D923F /* circuit.png */ = {isa = PBXFileReference; lastKnownFileType = image.png; path = circuit.png; sourceTree = "<group>"; };
		636A096F175ADE39002D923F /* light.png */ = {isa = PBXFileReference; lastKnownFileType = image.png; path = light.png; sourceTree = "<group>"; };
		636A0970175ADE39002D923F /* elec.png */ = {isa = PBXFileReference; lastKnownFileType = image.png; path = elec.png; sourceTree = "<group>"; };
		636A0971175ADE39002D923F /* spring.png */ = {isa = PBXFileReference; lastKnownFileType = image.png; path = spring.png; sourceTree = "<group>"; };
		636A0972175ADE39002D923F /* kex.png */ = {isa = PBXFileReference; lastKnownFileType = image.png; path = kex.png; sourceTree = "<group>"; };
		636A0973175ADE39002D923F /* kinetic.png */ = {isa = PBXFileReference; lastKnownFileType = image.png; path = kinetic.png; sourceTree = "<group>"; };
		636A0974175ADE39002D923F /* wprk.png */ = {isa = PBXFileReference; lastKnownFileType = image.png; path = wprk.png; sourceTree = "<group>"; };
		636A0975175ADE39002D923F /* kin.png */ = {isa = PBXFileReference; lastKnownFileType = image.png; path = kin.png; sourceTree = "<group>"; };
		636A0976175ADE39002D923F /* energygrav.png */ = {isa = PBXFileReference; lastKnownFileType = image.png; path = energygrav.png; sourceTree = "<group>"; };
		636A0977175ADE39002D923F /* energy.png */ = {isa = PBXFileReference; lastKnownFileType = image.png; path = energy.png; sourceTree = "<group>"; };
		636A0978175ADE39002D923F /* concial.png */ = {isa = PBXFileReference; lastKnownFileType = image.png; path = concial.png; sourceTree = "<group>"; };
		636A0979175ADE39002D923F /* c9.png */ = {isa = PBXFileReference; lastKnownFileType = image.png; path = c9.png; sourceTree = "<group>"; };
		636A097A175ADE39002D923F /* coneclds.png */ = {isa = PBXFileReference; lastKnownFileType = image.png; path = coneclds.png; sourceTree = "<group>"; };
		636A097B175ADE39002D923F /* frot.png */ = {isa = PBXFileReference; lastKnownFileType = image.png; path = frot.png; sourceTree = "<group>"; };
		636A097C175ADE39002D923F /* balls.png */ = {isa = PBXFileReference; lastKnownFileType = image.png; path = balls.png; sourceTree = "<group>"; };
		636A097D175ADE39002D923F /* nice.png */ = {isa = PBXFileReference; lastKnownFileType = image.png; path = nice.png; sourceTree = "<group>"; };
		636A097E175ADE39002D923F /* closemeup.png */ = {isa = PBXFileReference; lastKnownFileType = image.png; path = closemeup.png; sourceTree = "<group>"; };
		636A097F175ADE39002D923F /* tsacircle.png */ = {isa = PBXFileReference; lastKnownFileType = image.png; path = tsacircle.png; sourceTree = "<group>"; };
		636A0980175ADE39002D923F /* volumeref.png */ = {isa = PBXFileReference; lastKnownFileType = image.png; path = volumeref.png; sourceTree = "<group>"; };
		636A0981175ADE39002D923F /* volbox.png */ = {isa = PBXFileReference; lastKnownFileType = image.png; path = volbox.png; sourceTree = "<group>"; };
		636A0982175ADE39002D923F /* volcube.png */ = {isa = PBXFileReference; lastKnownFileType = image.png; path = volcube.png; sourceTree = "<group>"; };
		636A0983175ADE39002D923F /* cp.png */ = {isa = PBXFileReference; lastKnownFileType = image.png; path = cp.png; sourceTree = "<group>"; };
		636A0984175ADE39002D923F /* carea.png */ = {isa = PBXFileReference; lastKnownFileType = image.png; path = carea.png; sourceTree = "<group>"; };
		636A0985175ADE39002D923F /* btri.png */ = {isa = PBXFileReference; lastKnownFileType = image.png; path = btri.png; sourceTree = "<group>"; };
		636A0986175ADE39002D923F /* areasquare.png */ = {isa = PBXFileReference; lastKnownFileType = image.png; path = areasquare.png; sourceTree = "<group>"; };
		636A0987175ADE39002D923F /* areame.png */ = {isa = PBXFileReference; lastKnownFileType = image.png; path = areame.png; sourceTree = "<group>"; };
		636A09B2175AE08E002D923F /* Resized-SUZIB.png */ = {isa = PBXFileReference; lastKnownFileType = image.png; path = "Resized-SUZIB.png"; sourceTree = "<group>"; };
		636A09B4175AE0A2002D923F /* Resized-C7B1P.png */ = {isa = PBXFileReference; lastKnownFileType = image.png; path = "Resized-C7B1P.png"; sourceTree = "<group>"; };
		636A7385175AC7E000D5F95A /* Physics Textbook 5.0.pdf */ = {isa = PBXFileReference; lastKnownFileType = image.pdf; path = "Physics Textbook 5.0.pdf"; sourceTree = "<group>"; };
		636A7387175AC84200D5F95A /* Formulae.mp4 */ = {isa = PBXFileReference; lastKnownFileType = file; path = Formulae.mp4; sourceTree = "<group>"; };
		636A7389175ACAE300D5F95A /* diffcalculus.png */ = {isa = PBXFileReference; lastKnownFileType = image.png; path = diffcalculus.png; sourceTree = "<group>"; };
		636A738B175ACC3400D5F95A /* 1diff.png */ = {isa = PBXFileReference; lastKnownFileType = image.png; path = 1diff.png; sourceTree = "<group>"; };
		636A738D175ACE1F00D5F95A /* diff12.png */ = {isa = PBXFileReference; lastKnownFileType = image.png; path = diff12.png; sourceTree = "<group>"; };
		636A738F175ACF3A00D5F95A /* dfff.png */ = {isa = PBXFileReference; lastKnownFileType = image.png; path = dfff.png; sourceTree = "<group>"; };
		636A7391175AD0A500D5F95A /* linealg.png */ = {isa = PBXFileReference; lastKnownFileType = image.png; path = linealg.png; sourceTree = "<group>"; };
		636D66D81733ACD6007264E6 /* FormulaeHD.app */ = {isa = PBXFileReference; explicitFileType = wrapper.application; includeInIndex = 0; path = FormulaeHD.app; sourceTree = BUILT_PRODUCTS_DIR; };
		636D66DB1733ACD6007264E6 /* UIKit.framework */ = {isa = PBXFileReference; lastKnownFileType = wrapper.framework; name = UIKit.framework; path = System/Library/Frameworks/UIKit.framework; sourceTree = SDKROOT; };
		636D66DD1733ACD6007264E6 /* Foundation.framework */ = {isa = PBXFileReference; lastKnownFileType = wrapper.framework; name = Foundation.framework; path = System/Library/Frameworks/Foundation.framework; sourceTree = SDKROOT; };
		636D66DF1733ACD6007264E6 /* CoreGraphics.framework */ = {isa = PBXFileReference; lastKnownFileType = wrapper.framework; name = CoreGraphics.framework; path = System/Library/Frameworks/CoreGraphics.framework; sourceTree = SDKROOT; };
		636D66E31733ACD6007264E6 /* FormulaeHD-Info.plist */ = {isa = PBXFileReference; lastKnownFileType = text.plist.xml; path = "FormulaeHD-Info.plist"; sourceTree = "<group>"; };
		636D66E51733ACD6007264E6 /* en */ = {isa = PBXFileReference; lastKnownFileType = text.plist.strings; name = en; path = en.lproj/InfoPlist.strings; sourceTree = "<group>"; };
		636D66E71733ACD6007264E6 /* main.m */ = {isa = PBXFileReference; lastKnownFileType = sourcecode.c.objc; path = main.m; sourceTree = "<group>"; };
		636D66E91733ACD6007264E6 /* FormulaeHD-Prefix.pch */ = {isa = PBXFileReference; lastKnownFileType = sourcecode.c.h; path = "FormulaeHD-Prefix.pch"; sourceTree = "<group>"; };
		636D66EA1733ACD6007264E6 /* AppDelegate.h */ = {isa = PBXFileReference; lastKnownFileType = sourcecode.c.h; path = AppDelegate.h; sourceTree = "<group>"; };
		636D66EB1733ACD6007264E6 /* AppDelegate.m */ = {isa = PBXFileReference; lastKnownFileType = sourcecode.c.objc; path = AppDelegate.m; sourceTree = "<group>"; };
		636D66ED1733ACD6007264E6 /* Default.png */ = {isa = PBXFileReference; lastKnownFileType = image.png; path = Default.png; sourceTree = "<group>"; };
		636D66EF1733ACD6007264E6 /* Default@2x.png */ = {isa = PBXFileReference; lastKnownFileType = image.png; path = "Default@2x.png"; sourceTree = "<group>"; };
		636D66F11733ACD6007264E6 /* Default-568h@2x.png */ = {isa = PBXFileReference; lastKnownFileType = image.png; path = "Default-568h@2x.png"; sourceTree = "<group>"; };
		636D66F41733ACD6007264E6 /* en */ = {isa = PBXFileReference; lastKnownFileType = file.storyboard; name = en; path = en.lproj/MainStoryboard.storyboard; sourceTree = "<group>"; };
		636D66F61733ACD6007264E6 /* ViewController.h */ = {isa = PBXFileReference; lastKnownFileType = sourcecode.c.h; path = ViewController.h; sourceTree = "<group>"; };
		636D66F71733ACD6007264E6 /* ViewController.m */ = {isa = PBXFileReference; lastKnownFileType = sourcecode.c.objc; path = ViewController.m; sourceTree = "<group>"; };
		63FB0C471733C43000F8EF03 /* Linear Graphing Quiz yr11.pdf */ = {isa = PBXFileReference; lastKnownFileType = image.pdf; path = "Linear Graphing Quiz yr11.pdf"; sourceTree = "<group>"; };
		63FB0C491733C59D00F8EF03 /* CustomAlertView.h */ = {isa = PBXFileReference; fileEncoding = 4; lastKnownFileType = sourcecode.c.h; path = CustomAlertView.h; sourceTree = "<group>"; };
		63FB0C4A1733C59D00F8EF03 /* Button Click On-SoundBible.com-459633989.mp3 */ = {isa = PBXFileReference; lastKnownFileType = audio.mp3; path = "Button Click On-SoundBible.com-459633989.mp3"; sourceTree = "<group>"; };
		63FB0C4B1733C59D00F8EF03 /* CustomAlertView.m */ = {isa = PBXFileReference; fileEncoding = 4; lastKnownFileType = sourcecode.c.objc; path = CustomAlertView.m; sourceTree = "<group>"; };
		63FB0C501733C5B500F8EF03 /* beep1.mp3 */ = {isa = PBXFileReference; lastKnownFileType = audio.mp3; path = beep1.mp3; sourceTree = "<group>"; };
		63FB0C521733C5D200F8EF03 /* AudioToolbox.framework */ = {isa = PBXFileReference; lastKnownFileType = wrapper.framework; name = AudioToolbox.framework; path = System/Library/Frameworks/AudioToolbox.framework; sourceTree = SDKROOT; };
		63FB0C541733C69400F8EF03 /* MediaPlayer.framework */ = {isa = PBXFileReference; lastKnownFileType = wrapper.framework; name = MediaPlayer.framework; path = System/Library/Frameworks/MediaPlayer.framework; sourceTree = SDKROOT; };
		63FB0C561733C71800F8EF03 /* AVFoundation.framework */ = {isa = PBXFileReference; lastKnownFileType = wrapper.framework; name = AVFoundation.framework; path = System/Library/Frameworks/AVFoundation.framework; sourceTree = SDKROOT; };
		63FB0C581733C9DA00F8EF03 /* Quadratics and Polynomials.pdf */ = {isa = PBXFileReference; lastKnownFileType = image.pdf; path = "Quadratics and Polynomials.pdf"; sourceTree = "<group>"; };
		63FB0C5A1733CAEE00F8EF03 /* Exponents and Logs Quiz.pdf */ = {isa = PBXFileReference; lastKnownFileType = image.pdf; path = "Exponents and Logs Quiz.pdf"; sourceTree = "<group>"; };
		63FB0C5C1733CB8900F8EF03 /* Solving Exponential Equations using logarithms.pdf */ = {isa = PBXFileReference; lastKnownFileType = image.pdf; path = "Solving Exponential Equations using logarithms.pdf"; sourceTree = "<group>"; };
		63FB0C5E1733CC0300F8EF03 /* Quadratics Concepts .pdf */ = {isa = PBXFileReference; lastKnownFileType = image.pdf; path = "Quadratics Concepts .pdf"; sourceTree = "<group>"; };
		63FB0C601733CC5B00F8EF03 /* Linear Graphing Quiz yr10.pdf */ = {isa = PBXFileReference; lastKnownFileType = image.pdf; path = "Linear Graphing Quiz yr10.pdf"; sourceTree = "<group>"; };
		63FB0C621733CC9E00F8EF03 /* Factorisation Worksheet.pdf */ = {isa = PBXFileReference; lastKnownFileType = image.pdf; path = "Factorisation Worksheet.pdf"; sourceTree = "<group>"; };
		63FB0C641733CCD800F8EF03 /* Simplifying Logs.pdf */ = {isa = PBXFileReference; lastKnownFileType = image.pdf; path = "Simplifying Logs.pdf"; sourceTree = "<group>"; };
		63FB0C661733CD3300F8EF03 /* Compound Interest Practice.pdf */ = {isa = PBXFileReference; lastKnownFileType = image.pdf; path = "Compound Interest Practice.pdf"; sourceTree = "<group>"; };
		63FB0C681733CD8300F8EF03 /* Trigonometry Quiz.pdf */ = {isa = PBXFileReference; lastKnownFileType = image.pdf; path = "Trigonometry Quiz.pdf"; sourceTree = "<group>"; };
		63FB0C6A1733CDA900F8EF03 /* Mathematics Quiz – Statistics.pdf */ = {isa = PBXFileReference; lastKnownFileType = image.pdf; path = "Mathematics Quiz – Statistics.pdf"; sourceTree = "<group>"; };
		63FB0C6C1733CF2800F8EF03 /* stats.pdf */ = {isa = PBXFileReference; lastKnownFileType = image.pdf; path = stats.pdf; sourceTree = "<group>"; };
		63FB0C6E1733CF9400F8EF03 /* exp.pdf */ = {isa = PBXFileReference; lastKnownFileType = image.pdf; path = exp.pdf; sourceTree = "<group>"; };
		63FB0C701733D16C00F8EF03 /* Physics Textbook.pdf */ = {isa = PBXFileReference; lastKnownFileType = image.pdf; path = "Physics Textbook.pdf"; sourceTree = "<group>"; };
/* End PBXFileReference section */

/* Begin PBXFrameworksBuildPhase section */
		636D66D51733ACD6007264E6 /* Frameworks */ = {
			isa = PBXFrameworksBuildPhase;
			buildActionMask = 2147483647;
			files = (
				63FB0C571733C71900F8EF03 /* AVFoundation.framework in Frameworks */,
				63FB0C551733C69400F8EF03 /* MediaPlayer.framework in Frameworks */,
				63FB0C531733C5D200F8EF03 /* AudioToolbox.framework in Frameworks */,
				636D66DC1733ACD6007264E6 /* UIKit.framework in Frameworks */,
				636D66DE1733ACD6007264E6 /* Foundation.framework in Frameworks */,
				636D66E01733ACD6007264E6 /* CoreGraphics.framework in Frameworks */,
			);
			runOnlyForDeploymentPostprocessing = 0;
		};
/* End PBXFrameworksBuildPhase section */

/* Begin PBXGroup section */
		636D66CF1733ACD6007264E6 = {
			isa = PBXGroup;
			children = (
				636A09B4175AE0A2002D923F /* Resized-C7B1P.png */,
				636A09B2175AE08E002D923F /* Resized-SUZIB.png */,
				63FB0C561733C71800F8EF03 /* AVFoundation.framework */,
				63FB0C541733C69400F8EF03 /* MediaPlayer.framework */,
				63FB0C521733C5D200F8EF03 /* AudioToolbox.framework */,
				636D66E11733ACD6007264E6 /* FormulaeHD */,
				636D66DA1733ACD6007264E6 /* Frameworks */,
				636D66D91733ACD6007264E6 /* Products */,
			);
			sourceTree = "<group>";
		};
		636D66D91733ACD6007264E6 /* Products */ = {
			isa = PBXGroup;
			children = (
				636D66D81733ACD6007264E6 /* FormulaeHD.app */,
			);
			name = Products;
			sourceTree = "<group>";
		};
		636D66DA1733ACD6007264E6 /* Frameworks */ = {
			isa = PBXGroup;
			children = (
				636D66DB1733ACD6007264E6 /* UIKit.framework */,
				636D66DD1733ACD6007264E6 /* Foundation.framework */,
				636D66DF1733ACD6007264E6 /* CoreGraphics.framework */,
			);
			name = Frameworks;
			sourceTree = "<group>";
		};
		636D66E11733ACD6007264E6 /* FormulaeHD */ = {
			isa = PBXGroup;
			children = (
				636D66EA1733ACD6007264E6 /* AppDelegate.h */,
				636D66EB1733ACD6007264E6 /* AppDelegate.m */,
				636D66F61733ACD6007264E6 /* ViewController.h */,
				636D66F71733ACD6007264E6 /* ViewController.m */,
				636D66F31733ACD6007264E6 /* MainStoryboard.storyboard */,
				636A095A175ADC60002D923F /* chain.png */,
				636A095B175ADC60002D923F /* trigfunctions.png */,
				63143552175AC3D400445CB0 /* Statistics Video Playlist Questions.pdf */,
				636A738F175ACF3A00D5F95A /* dfff.png */,
				636A0958175ADC52002D923F /* trigfunctionsderiv.png */,
				636A0936175AD8BE002D923F /* energyform.png */,
				636A0954175ADC4A002D923F /* lnxlog.png */,
				636A0955175ADC4A002D923F /* euler.png */,
				636A094A175ADC3F002D923F /* productrule.png */,
				636A094B175ADC3F002D923F /* mymaths.png */,
				636A094C175ADC3F002D923F /* sumrule.png */,
				636A094D175ADC3F002D923F /* poweri.png */,
				636A094E175ADC3F002D923F /* powerule.png */,
				636A093A175AD8C8002D923F /* geometry.png */,
				636A093C175AD8CD002D923F /* physics.png */,
				636A0938175AD8C3002D923F /* chemical.png */,
				636A0940175AD8DB002D923F /* quadsaved.png */,
				636A095E175ADE38002D923F /* com.png */,
				636A095F175ADE38002D923F /* yahg.png */,
				636A0960175ADE38002D923F /* common.png */,
				636A0961175ADE38002D923F /* arrow oh.png */,
				636A0962175ADE38002D923F /* pHu.png */,
				636A0963175ADE38002D923F /* OH.png */,
				636A0964175ADE38002D923F /* poh.png */,
				636A0965175ADE38002D923F /* ph.png */,
				636A0966175ADE38002D923F /* twop.png */,
				636A0967175ADE38002D923F /* neutralisation.png */,
				636A0968175ADE38002D923F /* sat.png */,
				636A0969175ADE38002D923F /* double.png */,
				636A096A175ADE38002D923F /* singke.png */,
				636A096B175ADE38002D923F /* decomp.png */,
				636A096C175ADE38002D923F /* syn.png */,
				636A096D175ADE38002D923F /* photopic.png */,
				636A096E175ADE39002D923F /* circuit.png */,
				636A096F175ADE39002D923F /* light.png */,
				636A0970175ADE39002D923F /* elec.png */,
				636A0971175ADE39002D923F /* spring.png */,
				636A0972175ADE39002D923F /* kex.png */,
				636A0973175ADE39002D923F /* kinetic.png */,
				636A0974175ADE39002D923F /* wprk.png */,
				636A0975175ADE39002D923F /* kin.png */,
				636A0976175ADE39002D923F /* energygrav.png */,
				636A0977175ADE39002D923F /* energy.png */,
				636A0978175ADE39002D923F /* concial.png */,
				636A0979175ADE39002D923F /* c9.png */,
				636A097A175ADE39002D923F /* coneclds.png */,
				636A097B175ADE39002D923F /* frot.png */,
				636A097C175ADE39002D923F /* balls.png */,
				636A097D175ADE39002D923F /* nice.png */,
				636A097E175ADE39002D923F /* closemeup.png */,
				636A097F175ADE39002D923F /* tsacircle.png */,
				636A0980175ADE39002D923F /* volumeref.png */,
				636A0981175ADE39002D923F /* volbox.png */,
				636A0982175ADE39002D923F /* volcube.png */,
				636A0983175ADE39002D923F /* cp.png */,
				636A0984175ADE39002D923F /* carea.png */,
				636A0985175ADE39002D923F /* btri.png */,
				636A0986175ADE39002D923F /* areasquare.png */,
				636A0987175ADE39002D923F /* areame.png */,
				636A093E175AD8D4002D923F /* process.png */,
				636A0942175AD8E1002D923F /* triger.png */,
				636A0946175ADAE6002D923F /* triga.png */,
				636A0944175AD8E8002D923F /* logexpo.png */,
				636A738D175ACE1F00D5F95A /* diff12.png */,
				636A7391175AD0A500D5F95A /* linealg.png */,
				636A0948175ADB67002D923F /* slopederivative.png */,
				636A7387175AC84200D5F95A /* Formulae.mp4 */,
				636A0934175AD3AB002D923F /* fce.png */,
				63FB0C6A1733CDA900F8EF03 /* Mathematics Quiz – Statistics.pdf */,
				63143556175AC3FD00445CB0 /* The stats of commuting.pdf */,
				63143554175AC3F200445CB0 /* A look at z scores.pdf */,
				63FB0C6C1733CF2800F8EF03 /* stats.pdf */,
				636A738B175ACC3400D5F95A /* 1diff.png */,
				63143558175AC40400445CB0 /* Central Limit Theorem.pdf */,
				636A7389175ACAE300D5F95A /* diffcalculus.png */,
				6314355A175AC41B00445CB0 /* Confidence Interval.pdf */,
				63FB0C6E1733CF9400F8EF03 /* exp.pdf */,
				63FB0C601733CC5B00F8EF03 /* Linear Graphing Quiz yr10.pdf */,
				636A7385175AC7E000D5F95A /* Physics Textbook 5.0.pdf */,
				63143560175AC45600445CB0 /* Pi Day - e lnx Elicitation.pdf */,
				63143562175AC45C00445CB0 /* Sue and Sally's Fish and Chips.pdf */,
				63FB0C641733CCD800F8EF03 /* Simplifying Logs.pdf */,
				63FB0C5E1733CC0300F8EF03 /* Quadratics Concepts .pdf */,
				63FB0C661733CD3300F8EF03 /* Compound Interest Practice.pdf */,
				63FB0C5C1733CB8900F8EF03 /* Solving Exponential Equations using logarithms.pdf */,
				63FB0C681733CD8300F8EF03 /* Trigonometry Quiz.pdf */,
				6314355E175AC45000445CB0 /* Calculus Island - A Stage 2 Mathematical Studies Adventure.pdf */,
				6314355C175AC44A00445CB0 /* Custom Differentiation Quiz.pdf */,
				63FB0C581733C9DA00F8EF03 /* Quadratics and Polynomials.pdf */,
				63143550175AC3C000445CB0 /* The Normal Distrubtion Elicitation Activity.pdf */,
				63FB0C621733CC9E00F8EF03 /* Factorisation Worksheet.pdf */,
				63FB0C5A1733CAEE00F8EF03 /* Exponents and Logs Quiz.pdf */,
				63FB0C701733D16C00F8EF03 /* Physics Textbook.pdf */,
				63FB0C471733C43000F8EF03 /* Linear Graphing Quiz yr11.pdf */,
				63FB0C491733C59D00F8EF03 /* CustomAlertView.h */,
				63FB0C4A1733C59D00F8EF03 /* Button Click On-SoundBible.com-459633989.mp3 */,
				63FB0C4B1733C59D00F8EF03 /* CustomAlertView.m */,
				63FB0C501733C5B500F8EF03 /* beep1.mp3 */,
				636D66E21733ACD6007264E6 /* Supporting Files */,
			);
			path = FormulaeHD;
			sourceTree = "<group>";
		};
		636D66E21733ACD6007264E6 /* Supporting Files */ = {
			isa = PBXGroup;
			children = (
				636D66E31733ACD6007264E6 /* FormulaeHD-Info.plist */,
				636D66E41733ACD6007264E6 /* InfoPlist.strings */,
				636D66E71733ACD6007264E6 /* main.m */,
				636D66E91733ACD6007264E6 /* FormulaeHD-Prefix.pch */,
				636D66ED1733ACD6007264E6 /* Default.png */,
				636D66EF1733ACD6007264E6 /* Default@2x.png */,
				636D66F11733ACD6007264E6 /* Default-568h@2x.png */,
			);
			name = "Supporting Files";
			sourceTree = "<group>";
		};
/* End PBXGroup section */

/* Begin PBXNativeTarget section */
		636D66D71733ACD6007264E6 /* FormulaeHD */ = {
			isa = PBXNativeTarget;
			buildConfigurationList = 636D66FB1733ACD6007264E6 /* Build configuration list for PBXNativeTarget "FormulaeHD" */;
			buildPhases = (
				636D66D41733ACD6007264E6 /* Sources */,
				636D66D51733ACD6007264E6 /* Frameworks */,
				636D66D61733ACD6007264E6 /* Resources */,
			);
			buildRules = (
			);
			dependencies = (
			);
			name = FormulaeHD;
			productName = FormulaeHD;
			productReference = 636D66D81733ACD6007264E6 /* FormulaeHD.app */;
			productType = "com.apple.product-type.application";
		};
/* End PBXNativeTarget section */

/* Begin PBXProject section */
		636D66D01733ACD6007264E6 /* Project object */ = {
			isa = PBXProject;
			attributes = {
				LastUpgradeCheck = 0460;
				ORGANIZATIONNAME = "David McAfee";
			};
			buildConfigurationList = 636D66D31733ACD6007264E6 /* Build configuration list for PBXProject "FormulaeHD" */;
			compatibilityVersion = "Xcode 3.2";
			developmentRegion = English;
			hasScannedForEncodings = 0;
			knownRegions = (
				en,
			);
			mainGroup = 636D66CF1733ACD6007264E6;
			productRefGroup = 636D66D91733ACD6007264E6 /* Products */;
			projectDirPath = "";
			projectRoot = "";
			targets = (
				636D66D71733ACD6007264E6 /* FormulaeHD */,
			);
		};
/* End PBXProject section */

/* Begin PBXResourcesBuildPhase section */
		636D66D61733ACD6007264E6 /* Resources */ = {
			isa = PBXResourcesBuildPhase;
			buildActionMask = 2147483647;
			files = (
				636D66E61733ACD6007264E6 /* InfoPlist.strings in Resources */,
				636D66EE1733ACD6007264E6 /* Default.png in Resources */,
				636D66F01733ACD6007264E6 /* Default@2x.png in Resources */,
				636D66F21733ACD6007264E6 /* Default-568h@2x.png in Resources */,
				636D66F51733ACD6007264E6 /* MainStoryboard.storyboard in Resources */,
				63FB0C481733C43000F8EF03 /* Linear Graphing Quiz yr11.pdf in Resources */,
				63FB0C4C1733C59D00F8EF03 /* Button Click On-SoundBible.com-459633989.mp3 in Resources */,
				63FB0C511733C5B500F8EF03 /* beep1.mp3 in Resources */,
				63FB0C591733C9DA00F8EF03 /* Quadratics and Polynomials.pdf in Resources */,
				63FB0C5B1733CAEE00F8EF03 /* Exponents and Logs Quiz.pdf in Resources */,
				63FB0C5D1733CB8900F8EF03 /* Solving Exponential Equations using logarithms.pdf in Resources */,
				63FB0C5F1733CC0300F8EF03 /* Quadratics Concepts .pdf in Resources */,
				63FB0C611733CC5B00F8EF03 /* Linear Graphing Quiz yr10.pdf in Resources */,
				63FB0C631733CC9E00F8EF03 /* Factorisation Worksheet.pdf in Resources */,
				63FB0C651733CCD800F8EF03 /* Simplifying Logs.pdf in Resources */,
				63FB0C671733CD3300F8EF03 /* Compound Interest Practice.pdf in Resources */,
				63FB0C691733CD8300F8EF03 /* Trigonometry Quiz.pdf in Resources */,
				63FB0C6B1733CDA900F8EF03 /* Mathematics Quiz – Statistics.pdf in Resources */,
				63FB0C6D1733CF2800F8EF03 /* stats.pdf in Resources */,
				63FB0C6F1733CF9400F8EF03 /* exp.pdf in Resources */,
				63FB0C711733D16C00F8EF03 /* Physics Textbook.pdf in Resources */,
				63143551175AC3C000445CB0 /* The Normal Distrubtion Elicitation Activity.pdf in Resources */,
				63143553175AC3D400445CB0 /* Statistics Video Playlist Questions.pdf in Resources */,
				63143555175AC3F200445CB0 /* A look at z scores.pdf in Resources */,
				63143557175AC3FD00445CB0 /* The stats of commuting.pdf in Resources */,
				63143559175AC40400445CB0 /* Central Limit Theorem.pdf in Resources */,
				6314355B175AC41B00445CB0 /* Confidence Interval.pdf in Resources */,
				6314355D175AC44A00445CB0 /* Custom Differentiation Quiz.pdf in Resources */,
				6314355F175AC45000445CB0 /* Calculus Island - A Stage 2 Mathematical Studies Adventure.pdf in Resources */,
				63143561175AC45600445CB0 /* Pi Day - e lnx Elicitation.pdf in Resources */,
				63143563175AC45C00445CB0 /* Sue and Sally's Fish and Chips.pdf in Resources */,
				636A7386175AC7E000D5F95A /* Physics Textbook 5.0.pdf in Resources */,
				636A7388175AC84200D5F95A /* Formulae.mp4 in Resources */,
				636A738A175ACAE300D5F95A /* diffcalculus.png in Resources */,
				636A738C175ACC3400D5F95A /* 1diff.png in Resources */,
				636A738E175ACE1F00D5F95A /* diff12.png in Resources */,
				636A7390175ACF3A00D5F95A /* dfff.png in Resources */,
				636A7392175AD0A500D5F95A /* linealg.png in Resources */,
				636A0935175AD3AB002D923F /* fce.png in Resources */,
				636A0937175AD8BE002D923F /* energyform.png in Resources */,
				636A0939175AD8C3002D923F /* chemical.png in Resources */,
				636A093B175AD8C8002D923F /* geometry.png in Resources */,
				636A093D175AD8CD002D923F /* physics.png in Resources */,
				636A093F175AD8D4002D923F /* process.png in Resources */,
				636A0941175AD8DB002D923F /* quadsaved.png in Resources */,
				636A0943175AD8E1002D923F /* triger.png in Resources */,
				636A0945175AD8E8002D923F /* logexpo.png in Resources */,
				636A0947175ADAE6002D923F /* triga.png in Resources */,
				636A0949175ADB67002D923F /* slopederivative.png in Resources */,
				636A094F175ADC3F002D923F /* productrule.png in Resources */,
				636A0950175ADC3F002D923F /* mymaths.png in Resources */,
				636A0951175ADC3F002D923F /* sumrule.png in Resources */,
				636A0952175ADC3F002D923F /* poweri.png in Resources */,
				636A0953175ADC3F002D923F /* powerule.png in Resources */,
				636A0956175ADC4A002D923F /* lnxlog.png in Resources */,
				636A0957175ADC4A002D923F /* euler.png in Resources */,
				636A0959175ADC52002D923F /* trigfunctionsderiv.png in Resources */,
				636A095C175ADC60002D923F /* chain.png in Resources */,
				636A095D175ADC60002D923F /* trigfunctions.png in Resources */,
				636A0988175ADE39002D923F /* com.png in Resources */,
				636A0989175ADE39002D923F /* yahg.png in Resources */,
				636A098A175ADE39002D923F /* common.png in Resources */,
				636A098B175ADE39002D923F /* arrow oh.png in Resources */,
				636A098C175ADE39002D923F /* pHu.png in Resources */,
				636A098D175ADE39002D923F /* OH.png in Resources */,
				636A098E175ADE39002D923F /* poh.png in Resources */,
				636A098F175ADE39002D923F /* ph.png in Resources */,
				636A0990175ADE39002D923F /* twop.png in Resources */,
				636A0991175ADE39002D923F /* neutralisation.png in Resources */,
				636A0992175ADE39002D923F /* sat.png in Resources */,
				636A0993175ADE39002D923F /* double.png in Resources */,
				636A0994175ADE39002D923F /* singke.png in Resources */,
				636A0995175ADE39002D923F /* decomp.png in Resources */,
				636A0996175ADE39002D923F /* syn.png in Resources */,
				636A0997175ADE39002D923F /* photopic.png in Resources */,
				636A0998175ADE39002D923F /* circuit.png in Resources */,
				636A0999175ADE39002D923F /* light.png in Resources */,
				636A099A175ADE39002D923F /* elec.png in Resources */,
				636A099B175ADE39002D923F /* spring.png in Resources */,
				636A099C175ADE39002D923F /* kex.png in Resources */,
				636A099D175ADE39002D923F /* kinetic.png in Resources */,
				636A099E175ADE39002D923F /* wprk.png in Resources */,
				636A099F175ADE39002D923F /* kin.png in Resources */,
				636A09A0175ADE39002D923F /* energygrav.png in Resources */,
				636A09A1175ADE39002D923F /* energy.png in Resources */,
				636A09A2175ADE39002D923F /* concial.png in Resources */,
				636A09A3175ADE39002D923F /* c9.png in Resources */,
				636A09A4175ADE39002D923F /* coneclds.png in Resources */,
				636A09A5175ADE39002D923F /* frot.png in Resources */,
				636A09A6175ADE39002D923F /* balls.png in Resources */,
				636A09A7175ADE39002D923F /* nice.png in Resources */,
				636A09A8175ADE39002D923F /* closemeup.png in Resources */,
				636A09A9175ADE39002D923F /* tsacircle.png in Resources */,
				636A09AA175ADE39002D923F /* volumeref.png in Resources */,
				636A09AB175ADE39002D923F /* volbox.png in Resources */,
				636A09AC175ADE39002D923F /* volcube.png in Resources */,
				636A09AD175ADE39002D923F /* cp.png in Resources */,
				636A09AE175ADE39002D923F /* carea.png in Resources */,
				636A09AF175ADE39002D923F /* btri.png in Resources */,
				636A09B0175ADE39002D923F /* areasquare.png in Resources */,
				636A09B1175ADE39002D923F /* areame.png in Resources */,
				636A09B3175AE08E002D923F /* Resized-SUZIB.png in Resources */,
				636A09B5175AE0A2002D923F /* Resized-C7B1P.png in Resources */,
			);
			runOnlyForDeploymentPostprocessing = 0;
		};
/* End PBXResourcesBuildPhase section */

/* Begin PBXSourcesBuildPhase section */
		636D66D41733ACD6007264E6 /* Sources */ = {
			isa = PBXSourcesBuildPhase;
			buildActionMask = 2147483647;
			files = (
				636D66E81733ACD6007264E6 /* main.m in Sources */,
				636D66EC1733ACD6007264E6 /* AppDelegate.m in Sources */,
				636D66F81733ACD6007264E6 /* ViewController.m in Sources */,
				63FB0C4D1733C59D00F8EF03 /* CustomAlertView.m in Sources */,
			);
			runOnlyForDeploymentPostprocessing = 0;
		};
/* End PBXSourcesBuildPhase section */

/* Begin PBXVariantGroup section */
		636D66E41733ACD6007264E6 /* InfoPlist.strings */ = {
			isa = PBXVariantGroup;
			children = (
				636D66E51733ACD6007264E6 /* en */,
			);
			name = InfoPlist.strings;
			sourceTree = "<group>";
		};
		636D66F31733ACD6007264E6 /* MainStoryboard.storyboard */ = {
			isa = PBXVariantGroup;
			children = (
				636D66F41733ACD6007264E6 /* en */,
			);
			name = MainStoryboard.storyboard;
			sourceTree = "<group>";
		};
/* End PBXVariantGroup section */

/* Begin XCBuildConfiguration section */
		636D66F91733ACD6007264E6 /* Debug */ = {
			isa = XCBuildConfiguration;
			buildSettings = {
				ALWAYS_SEARCH_USER_PATHS = NO;
				CLANG_CXX_LANGUAGE_STANDARD = "gnu++0x";
				CLANG_CXX_LIBRARY = "libc++";
				CLANG_WARN_CONSTANT_CONVERSION = YES;
				CLANG_WARN_EMPTY_BODY = YES;
				CLANG_WARN_ENUM_CONVERSION = YES;
				CLANG_WARN_INT_CONVERSION = YES;
				CLANG_WARN__DUPLICATE_METHOD_MATCH = YES;
				"CODE_SIGN_IDENTITY[sdk=iphoneos*]" = "iPhone Developer";
				COPY_PHASE_STRIP = NO;
				GCC_C_LANGUAGE_STANDARD = gnu99;
				GCC_DYNAMIC_NO_PIC = NO;
				GCC_OPTIMIZATION_LEVEL = 0;
				GCC_PREPROCESSOR_DEFINITIONS = (
					"DEBUG=1",
					"$(inherited)",
				);
				GCC_SYMBOLS_PRIVATE_EXTERN = NO;
				GCC_WARN_ABOUT_RETURN_TYPE = YES;
				GCC_WARN_UNINITIALIZED_AUTOS = YES;
				GCC_WARN_UNUSED_VARIABLE = YES;
				IPHONEOS_DEPLOYMENT_TARGET = 6.1;
				ONLY_ACTIVE_ARCH = YES;
				SDKROOT = iphoneos;
				TARGETED_DEVICE_FAMILY = 2;
			};
			name = Debug;
		};
		636D66FA1733ACD6007264E6 /* Release */ = {
			isa = XCBuildConfiguration;
			buildSettings = {
				ALWAYS_SEARCH_USER_PATHS = NO;
				CLANG_CXX_LANGUAGE_STANDARD = "gnu++0x";
				CLANG_CXX_LIBRARY = "libc++";
				CLANG_WARN_CONSTANT_CONVERSION = YES;
				CLANG_WARN_EMPTY_BODY = YES;
				CLANG_WARN_ENUM_CONVERSION = YES;
				CLANG_WARN_INT_CONVERSION = YES;
				CLANG_WARN__DUPLICATE_METHOD_MATCH = YES;
				"CODE_SIGN_IDENTITY[sdk=iphoneos*]" = "iPhone Developer";
				COPY_PHASE_STRIP = YES;
				GCC_C_LANGUAGE_STANDARD = gnu99;
				GCC_WARN_ABOUT_RETURN_TYPE = YES;
				GCC_WARN_UNINITIALIZED_AUTOS = YES;
				GCC_WARN_UNUSED_VARIABLE = YES;
				IPHONEOS_DEPLOYMENT_TARGET = 6.1;
				OTHER_CFLAGS = "-DNS_BLOCK_ASSERTIONS=1";
				SDKROOT = iphoneos;
				TARGETED_DEVICE_FAMILY = 2;
				VALIDATE_PRODUCT = YES;
			};
			name = Release;
		};
		636D66FC1733ACD6007264E6 /* Debug */ = {
			isa = XCBuildConfiguration;
			buildSettings = {
				CLANG_ENABLE_OBJC_ARC = YES;
				GCC_PRECOMPILE_PREFIX_HEADER = YES;
				GCC_PREFIX_HEADER = "FormulaeHD/FormulaeHD-Prefix.pch";
				INFOPLIST_FILE = "FormulaeHD/FormulaeHD-Info.plist";
				PRODUCT_NAME = "$(TARGET_NAME)";
				WRAPPER_EXTENSION = app;
			};
			name = Debug;
		};
		636D66FD1733ACD6007264E6 /* Release */ = {
			isa = XCBuildConfiguration;
			buildSettings = {
				CLANG_ENABLE_OBJC_ARC = YES;
				GCC_PRECOMPILE_PREFIX_HEADER = YES;
				GCC_PREFIX_HEADER = "FormulaeHD/FormulaeHD-Prefix.pch";
				INFOPLIST_FILE = "FormulaeHD/FormulaeHD-Info.plist";
				PRODUCT_NAME = "$(TARGET_NAME)";
				WRAPPER_EXTENSION = app;
			};
			name = Release;
		};
/* End XCBuildConfiguration section */

/* Begin XCConfigurationList section */
		636D66D31733ACD6007264E6 /* Build configuration list for PBXProject "FormulaeHD" */ = {
			isa = XCConfigurationList;
			buildConfigurations = (
				636D66F91733ACD6007264E6 /* Debug */,
				636D66FA1733ACD6007264E6 /* Release */,
			);
			defaultConfigurationIsVisible = 0;
			defaultConfigurationName = Release;
		};
		636D66FB1733ACD6007264E6 /* Build configuration list for PBXNativeTarget "FormulaeHD" */ = {
			isa = XCConfigurationList;
			buildConfigurations = (
				636D66FC1733ACD6007264E6 /* Debug */,
				636D66FD1733ACD6007264E6 /* Release */,
			);
			defaultConfigurationIsVisible = 0;
			defaultConfigurationName = Release;
		};
/* End XCConfigurationList section */
	};
	rootObject = 636D66D01733ACD6007264E6 /* Project object */;
}
